
Microsoft Visual Studio Solution File, Format Version 12.00
# Visual Studio Version 17
VisualStudioVersion = 17.4.33205.214
MinimumVisualStudioVersion = 10.0.40219.1
Project("{FAE04EC0-301F-11D3-BF4B-00C04F79EFBC}") = "ToDoList", "ToDoList.csproj", "{981BD6B2-B1FF-4B28-A481-227508327DBA}"
EndProject
Global
	GlobalSection(SolutionConfigurationPlatforms) = preSolution
		Debug|Any CPU = Debug|Any CPU
		Release|Any CPU = Release|Any CPU
	EndGlobalSection
	GlobalSection(ProjectConfigurationPlatforms) = postSolution
		{981BD6B2-B1FF-4B28-A481-227508327DBA}.Debug|Any CPU.ActiveCfg = Debug|Any CPU
		{981BD6B2-B1FF-4B28-A481-227508327DBA}.Debug|Any CPU.Build.0 = Debug|Any CPU
		{981BD6B2-B1FF-4B28-A481-227508327DBA}.Release|Any CPU.ActiveCfg = Release|Any CPU
		{981BD6B2-B1FF-4B28-A481-227508327DBA}.Release|Any CPU.Build.0 = Release|Any CPU
	EndGlobalSection
	GlobalSection(SolutionProperties) = preSolution
		HideSolutionNode = FALSE
	EndGlobalSection
	GlobalSection(ExtensibilityGlobals) = postSolution
		SolutionGuid = {ACA47850-19DF-489B-9608-E36442D78EFA}
	EndGlobalSection
EndGlobal
